
Microsoft Visual Studio Solution File, Format Version 12.00
# Visual Studio Version 17
VisualStudioVersion = 17.7.34024.191
MinimumVisualStudioVersion = 10.0.40219.1
Project("{9A19103F-16F7-4668-BE54-9A1E7A4F7556}") = "EstacioUniv", "EstacioUniv.csproj", "{5FF8E94E-9BD4-4418-A804-0167C441E27E}"
EndProject
Global
	GlobalSection(SolutionConfigurationPlatforms) = preSolution
		Debug|Any CPU = Debug|Any CPU
		Release|Any CPU = Release|Any CPU
	EndGlobalSection
	GlobalSection(ProjectConfigurationPlatforms) = postSolution
		{5FF8E94E-9BD4-4418-A804-0167C441E27E}.Debug|Any CPU.ActiveCfg = Debug|Any CPU
		{5FF8E94E-9BD4-4418-A804-0167C441E27E}.Debug|Any CPU.Build.0 = Debug|Any CPU
		{5FF8E94E-9BD4-4418-A804-0167C441E27E}.Release|Any CPU.ActiveCfg = Release|Any CPU
		{5FF8E94E-9BD4-4418-A804-0167C441E27E}.Release|Any CPU.Build.0 = Release|Any CPU
	EndGlobalSection
	GlobalSection(SolutionProperties) = preSolution
		HideSolutionNode = FALSE
	EndGlobalSection
	GlobalSection(ExtensibilityGlobals) = postSolution
		SolutionGuid = {97FD398E-86A4-4266-AFDC-F57F828AFB95}
	EndGlobalSection
EndGlobal
